{
  "name": "Banana Clicker",
  "lockfileVersion": 3,
  "requires": true,
  "packages": {
    "": {
      "dependencies": {
        "install": "^0.13.0",
        "ios-webkit-debug-proxy": "^0.0.3",
        "scoop": "^0.0.2"
      }
    },
    "node_modules/install": {
      "version": "0.13.0",
      "resolved": "https://registry.npmjs.org/install/-/install-0.13.0.tgz",
      "integrity": "sha512-zDml/jzr2PKU9I8J/xyZBQn8rPCAY//UOYNmR01XwNwyfhEWObo2SWfSl1+0tm1u6PhxLwDnfsT/6jB7OUxqFA==",
      "license": "MIT",
      "engines": {
        "node": ">= 0.10"
      }
    },
    "node_modules/ios-webkit-debug-proxy": {
      "version": "0.0.3",
      "resolved": "https://registry.npmjs.org/ios-webkit-debug-proxy/-/ios-webkit-debug-proxy-0.0.3.tgz",
      "integrity": "sha512-3/LBarmW5jVLhQivXOUeU/2MGR1/UKoKjSMTyTov76ATj4tG9P2J/zD7JXFgAiU3TIiBWexeIsvYqncw7URp9Q=="
    },
    "node_modules/scoop": {
      "version": "0.0.2",
      "resolved": "https://registry.npmjs.org/scoop/-/scoop-0.0.2.tgz",
      "integrity": "sha512-epgEC/vmIad9sT20iSq5Lb4/OhncrlLNm2cjJzUKtCey68wYfjiNFE3bUNjAQwzragU8zyhQDaKRcQJMA/wClg=="
    }
  }
}
